
Microsoft Visual Studio Solution File, Format Version 12.00
Project("{FAE04EC0-301F-11D3-BF4B-00C04F79EFBC}") = "FluentAPI", "FluentAPI\FluentAPI.csproj", "{0D1C6869-7D7D-4D2D-8637-1C52B9A732C9}"
EndProject
Project("{FAE04EC0-301F-11D3-BF4B-00C04F79EFBC}") = "Annotations", "Annotations\Annotations.csproj", "{53A215DF-8299-467F-91C4-C1D35CD7D769}"
EndProject
Project("{FAE04EC0-301F-11D3-BF4B-00C04F79EFBC}") = "AnnotationsSpectre", "AnnotationsSpectre\AnnotationsSpectre.csproj", "{2FE5BC22-66CD-42B9-ACFB-32F5653974FE}"
EndProject
Global
	GlobalSection(SolutionConfigurationPlatforms) = preSolution
		Debug|Any CPU = Debug|Any CPU
		Release|Any CPU = Release|Any CPU
	EndGlobalSection
	GlobalSection(ProjectConfigurationPlatforms) = postSolution
		{0D1C6869-7D7D-4D2D-8637-1C52B9A732C9}.Debug|Any CPU.ActiveCfg = Debug|Any CPU
		{0D1C6869-7D7D-4D2D-8637-1C52B9A732C9}.Debug|Any CPU.Build.0 = Debug|Any CPU
		{0D1C6869-7D7D-4D2D-8637-1C52B9A732C9}.Release|Any CPU.ActiveCfg = Release|Any CPU
		{0D1C6869-7D7D-4D2D-8637-1C52B9A732C9}.Release|Any CPU.Build.0 = Release|Any CPU
		{53A215DF-8299-467F-91C4-C1D35CD7D769}.Debug|Any CPU.ActiveCfg = Debug|Any CPU
		{53A215DF-8299-467F-91C4-C1D35CD7D769}.Debug|Any CPU.Build.0 = Debug|Any CPU
		{53A215DF-8299-467F-91C4-C1D35CD7D769}.Release|Any CPU.ActiveCfg = Release|Any CPU
		{53A215DF-8299-467F-91C4-C1D35CD7D769}.Release|Any CPU.Build.0 = Release|Any CPU
		{2FE5BC22-66CD-42B9-ACFB-32F5653974FE}.Debug|Any CPU.ActiveCfg = Debug|Any CPU
		{2FE5BC22-66CD-42B9-ACFB-32F5653974FE}.Debug|Any CPU.Build.0 = Debug|Any CPU
		{2FE5BC22-66CD-42B9-ACFB-32F5653974FE}.Release|Any CPU.ActiveCfg = Release|Any CPU
		{2FE5BC22-66CD-42B9-ACFB-32F5653974FE}.Release|Any CPU.Build.0 = Release|Any CPU
	EndGlobalSection
EndGlobal
